
Microsoft Visual Studio Solution File, Format Version 12.00
# Visual Studio Version 17
VisualStudioVersion = 17.5.33627.172
MinimumVisualStudioVersion = 10.0.40219.1
Project("{9A19103F-16F7-4668-BE54-9A1E7A4F7556}") = "WPFUI", "WPFUI\WPFUI.csproj", "{25ACCCFF-58CD-40D9-8042-9C5F45F2BA7D}"
EndProject
Project("{FAE04EC0-301F-11D3-BF4B-00C04F79EFBC}") = "Engine", "Engine\Engine.csproj", "{21DE22EB-E378-4874-A7E5-5B0DDF9493C0}"
EndProject
Global
	GlobalSection(SolutionConfigurationPlatforms) = preSolution
		Debug|Any CPU = Debug|Any CPU
		Release|Any CPU = Release|Any CPU
	EndGlobalSection
	GlobalSection(ProjectConfigurationPlatforms) = postSolution
		{25ACCCFF-58CD-40D9-8042-9C5F45F2BA7D}.Debug|Any CPU.ActiveCfg = Debug|Any CPU
		{25ACCCFF-58CD-40D9-8042-9C5F45F2BA7D}.Debug|Any CPU.Build.0 = Debug|Any CPU
		{25ACCCFF-58CD-40D9-8042-9C5F45F2BA7D}.Release|Any CPU.ActiveCfg = Release|Any CPU
		{25ACCCFF-58CD-40D9-8042-9C5F45F2BA7D}.Release|Any CPU.Build.0 = Release|Any CPU
		{21DE22EB-E378-4874-A7E5-5B0DDF9493C0}.Debug|Any CPU.ActiveCfg = Debug|Any CPU
		{21DE22EB-E378-4874-A7E5-5B0DDF9493C0}.Debug|Any CPU.Build.0 = Debug|Any CPU
		{21DE22EB-E378-4874-A7E5-5B0DDF9493C0}.Release|Any CPU.ActiveCfg = Release|Any CPU
		{21DE22EB-E378-4874-A7E5-5B0DDF9493C0}.Release|Any CPU.Build.0 = Release|Any CPU
	EndGlobalSection
	GlobalSection(SolutionProperties) = preSolution
		HideSolutionNode = FALSE
	EndGlobalSection
	GlobalSection(ExtensibilityGlobals) = postSolution
		SolutionGuid = {3F10DC0F-4F5A-47F1-81B8-D828F1922625}
	EndGlobalSection
EndGlobal
